
Microsoft Visual Studio Solution File, Format Version 12.00
# Visual Studio Version 18
VisualStudioVersion = 18.0.11217.181
MinimumVisualStudioVersion = 10.0.40219.1
Project("{2150E333-8FDC-42A3-9474-1A3956D46DE8}") = "src", "src", "{827E0CD3-B72D-47B6-A68D-7590B98EB39B}"
	ProjectSection(SolutionItems) = preProject
		docker-compose.yml = docker-compose.yml
	EndProjectSection
EndProject
Project("{FAE04EC0-301F-11D3-BF4B-00C04F79EFBC}") = "PpmV2.Api", "src\PpmV2.Api\PpmV2.Api.csproj", "{A3D06047-EC61-47D3-9B6C-30AB4D0A243D}"
EndProject
Project("{FAE04EC0-301F-11D3-BF4B-00C04F79EFBC}") = "PpmV2.Domain", "src\PpmV2.Domain\PpmV2.Domain.csproj", "{65037984-7CE6-4735-B1E2-B5209BCC1B19}"
EndProject
Project("{FAE04EC0-301F-11D3-BF4B-00C04F79EFBC}") = "PpmV2.Application", "src\PpmV2.Application\PpmV2.Application.csproj", "{F4F2F1C2-6B62-478C-B782-FAF3BCFB917E}"
EndProject
Project("{FAE04EC0-301F-11D3-BF4B-00C04F79EFBC}") = "PpmV2.Infrastructure", "src\PpmV2.Infrastructure\PpmV2.Infrastructure.csproj", "{FD3653FC-1987-4026-8F98-587458B00FCF}"
EndProject
Project("{FAE04EC0-301F-11D3-BF4B-00C04F79EFBC}") = "PpmV2.Tests", "PpmV2.Tests\PpmV2.Tests.csproj", "{46816811-DE12-4B23-BB84-16615611DBBD}"
EndProject
Project("{2150E333-8FDC-42A3-9474-1A3956D46DE8}") = "docs", "docs", "{125985F5-73B1-4CEA-AC7C-BC85AB1D8857}"
	ProjectSection(SolutionItems) = preProject
		architecture.md = architecture.md
	EndProjectSection
EndProject
Project("{2150E333-8FDC-42A3-9474-1A3956D46DE8}") = "diagrams", "diagrams", "{CAF9AA4C-5BB1-444F-AAB4-4C3D2CBA7FA9}"
	ProjectSection(SolutionItems) = preProject
		..\..\..\..\..\Users\Admin\Desktop\layered-architecture.png = ..\..\..\..\..\Users\Admin\Desktop\layered-architecture.png
		..\..\..\..\..\Users\Admin\Desktop\sequence-shift-create.png = ..\..\..\..\..\Users\Admin\Desktop\sequence-shift-create.png
	EndProjectSection
EndProject
Global
	GlobalSection(SolutionConfigurationPlatforms) = preSolution
		Debug|Any CPU = Debug|Any CPU
		Debug|x64 = Debug|x64
		Debug|x86 = Debug|x86
		Release|Any CPU = Release|Any CPU
		Release|x64 = Release|x64
		Release|x86 = Release|x86
	EndGlobalSection
	GlobalSection(ProjectConfigurationPlatforms) = postSolution
		{A3D06047-EC61-47D3-9B6C-30AB4D0A243D}.Debug|Any CPU.ActiveCfg = Debug|Any CPU
		{A3D06047-EC61-47D3-9B6C-30AB4D0A243D}.Debug|Any CPU.Build.0 = Debug|Any CPU
		{A3D06047-EC61-47D3-9B6C-30AB4D0A243D}.Debug|x64.ActiveCfg = Debug|Any CPU
		{A3D06047-EC61-47D3-9B6C-30AB4D0A243D}.Debug|x64.Build.0 = Debug|Any CPU
		{A3D06047-EC61-47D3-9B6C-30AB4D0A243D}.Debug|x86.ActiveCfg = Debug|Any CPU
		{A3D06047-EC61-47D3-9B6C-30AB4D0A243D}.Debug|x86.Build.0 = Debug|Any CPU
		{A3D06047-EC61-47D3-9B6C-30AB4D0A243D}.Release|Any CPU.ActiveCfg = Release|Any CPU
		{A3D06047-EC61-47D3-9B6C-30AB4D0A243D}.Release|Any CPU.Build.0 = Release|Any CPU
		{A3D06047-EC61-47D3-9B6C-30AB4D0A243D}.Release|x64.ActiveCfg = Release|Any CPU
		{A3D06047-EC61-47D3-9B6C-30AB4D0A243D}.Release|x64.Build.0 = Release|Any CPU
		{A3D06047-EC61-47D3-9B6C-30AB4D0A243D}.Release|x86.ActiveCfg = Release|Any CPU
		{A3D06047-EC61-47D3-9B6C-30AB4D0A243D}.Release|x86.Build.0 = Release|Any CPU
		{65037984-7CE6-4735-B1E2-B5209BCC1B19}.Debug|Any CPU.ActiveCfg = Debug|Any CPU
		{65037984-7CE6-4735-B1E2-B5209BCC1B19}.Debug|Any CPU.Build.0 = Debug|Any CPU
		{65037984-7CE6-4735-B1E2-B5209BCC1B19}.Debug|x64.ActiveCfg = Debug|Any CPU
		{65037984-7CE6-4735-B1E2-B5209BCC1B19}.Debug|x64.Build.0 = Debug|Any CPU
		{65037984-7CE6-4735-B1E2-B5209BCC1B19}.Debug|x86.ActiveCfg = Debug|Any CPU
		{65037984-7CE6-4735-B1E2-B5209BCC1B19}.Debug|x86.Build.0 = Debug|Any CPU
		{65037984-7CE6-4735-B1E2-B5209BCC1B19}.Release|Any CPU.ActiveCfg = Release|Any CPU
		{65037984-7CE6-4735-B1E2-B5209BCC1B19}.Release|Any CPU.Build.0 = Release|Any CPU
		{65037984-7CE6-4735-B1E2-B5209BCC1B19}.Release|x64.ActiveCfg = Release|Any CPU
		{65037984-7CE6-4735-B1E2-B5209BCC1B19}.Release|x64.Build.0 = Release|Any CPU
		{65037984-7CE6-4735-B1E2-B5209BCC1B19}.Release|x86.ActiveCfg = Release|Any CPU
		{65037984-7CE6-4735-B1E2-B5209BCC1B19}.Release|x86.Build.0 = Release|Any CPU
		{F4F2F1C2-6B62-478C-B782-FAF3BCFB917E}.Debug|Any CPU.ActiveCfg = Debug|Any CPU
		{F4F2F1C2-6B62-478C-B782-FAF3BCFB917E}.Debug|Any CPU.Build.0 = Debug|Any CPU
		{F4F2F1C2-6B62-478C-B782-FAF3BCFB917E}.Debug|x64.ActiveCfg = Debug|Any CPU
		{F4F2F1C2-6B62-478C-B782-FAF3BCFB917E}.Debug|x64.Build.0 = Debug|Any CPU
		{F4F2F1C2-6B62-478C-B782-FAF3BCFB917E}.Debug|x86.ActiveCfg = Debug|Any CPU
		{F4F2F1C2-6B62-478C-B782-FAF3BCFB917E}.Debug|x86.Build.0 = Debug|Any CPU
		{F4F2F1C2-6B62-478C-B782-FAF3BCFB917E}.Release|Any CPU.ActiveCfg = Release|Any CPU
		{F4F2F1C2-6B62-478C-B782-FAF3BCFB917E}.Release|Any CPU.Build.0 = Release|Any CPU
		{F4F2F1C2-6B62-478C-B782-FAF3BCFB917E}.Release|x64.ActiveCfg = Release|Any CPU
		{F4F2F1C2-6B62-478C-B782-FAF3BCFB917E}.Release|x64.Build.0 = Release|Any CPU
		{F4F2F1C2-6B62-478C-B782-FAF3BCFB917E}.Release|x86.ActiveCfg = Release|Any CPU
		{F4F2F1C2-6B62-478C-B782-FAF3BCFB917E}.Release|x86.Build.0 = Release|Any CPU
		{FD3653FC-1987-4026-8F98-587458B00FCF}.Debug|Any CPU.ActiveCfg = Debug|Any CPU
		{FD3653FC-1987-4026-8F98-587458B00FCF}.Debug|Any CPU.Build.0 = Debug|Any CPU
		{FD3653FC-1987-4026-8F98-587458B00FCF}.Debug|x64.ActiveCfg = Debug|Any CPU
		{FD3653FC-1987-4026-8F98-587458B00FCF}.Debug|x64.Build.0 = Debug|Any CPU
		{FD3653FC-1987-4026-8F98-587458B00FCF}.Debug|x86.ActiveCfg = Debug|Any CPU
		{FD3653FC-1987-4026-8F98-587458B00FCF}.Debug|x86.Build.0 = Debug|Any CPU
		{FD3653FC-1987-4026-8F98-587458B00FCF}.Release|Any CPU.ActiveCfg = Release|Any CPU
		{FD3653FC-1987-4026-8F98-587458B00FCF}.Release|Any CPU.Build.0 = Release|Any CPU
		{FD3653FC-1987-4026-8F98-587458B00FCF}.Release|x64.ActiveCfg = Release|Any CPU
		{FD3653FC-1987-4026-8F98-587458B00FCF}.Release|x64.Build.0 = Release|Any CPU
		{FD3653FC-1987-4026-8F98-587458B00FCF}.Release|x86.ActiveCfg = Release|Any CPU
		{FD3653FC-1987-4026-8F98-587458B00FCF}.Release|x86.Build.0 = Release|Any CPU
		{46816811-DE12-4B23-BB84-16615611DBBD}.Debug|Any CPU.ActiveCfg = Debug|Any CPU
		{46816811-DE12-4B23-BB84-16615611DBBD}.Debug|Any CPU.Build.0 = Debug|Any CPU
		{46816811-DE12-4B23-BB84-16615611DBBD}.Debug|x64.ActiveCfg = Debug|Any CPU
		{46816811-DE12-4B23-BB84-16615611DBBD}.Debug|x64.Build.0 = Debug|Any CPU
		{46816811-DE12-4B23-BB84-16615611DBBD}.Debug|x86.ActiveCfg = Debug|Any CPU
		{46816811-DE12-4B23-BB84-16615611DBBD}.Debug|x86.Build.0 = Debug|Any CPU
		{46816811-DE12-4B23-BB84-16615611DBBD}.Release|Any CPU.ActiveCfg = Release|Any CPU
		{46816811-DE12-4B23-BB84-16615611DBBD}.Release|Any CPU.Build.0 = Release|Any CPU
		{46816811-DE12-4B23-BB84-16615611DBBD}.Release|x64.ActiveCfg = Release|Any CPU
		{46816811-DE12-4B23-BB84-16615611DBBD}.Release|x64.Build.0 = Release|Any CPU
		{46816811-DE12-4B23-BB84-16615611DBBD}.Release|x86.ActiveCfg = Release|Any CPU
		{46816811-DE12-4B23-BB84-16615611DBBD}.Release|x86.Build.0 = Release|Any CPU
	EndGlobalSection
	GlobalSection(SolutionProperties) = preSolution
		HideSolutionNode = FALSE
	EndGlobalSection
	GlobalSection(NestedProjects) = preSolution
		{A3D06047-EC61-47D3-9B6C-30AB4D0A243D} = {827E0CD3-B72D-47B6-A68D-7590B98EB39B}
		{65037984-7CE6-4735-B1E2-B5209BCC1B19} = {827E0CD3-B72D-47B6-A68D-7590B98EB39B}
		{F4F2F1C2-6B62-478C-B782-FAF3BCFB917E} = {827E0CD3-B72D-47B6-A68D-7590B98EB39B}
		{FD3653FC-1987-4026-8F98-587458B00FCF} = {827E0CD3-B72D-47B6-A68D-7590B98EB39B}
		{125985F5-73B1-4CEA-AC7C-BC85AB1D8857} = {827E0CD3-B72D-47B6-A68D-7590B98EB39B}
		{CAF9AA4C-5BB1-444F-AAB4-4C3D2CBA7FA9} = {125985F5-73B1-4CEA-AC7C-BC85AB1D8857}
	EndGlobalSection
	GlobalSection(ExtensibilityGlobals) = postSolution
		SolutionGuid = {83B84CEC-73DE-436B-9409-0A06850823EC}
	EndGlobalSection
EndGlobal
